PODS:
  - Flutter (1.0.0)
  - freerasp (0.0.1):
    - Flutter

DEPENDENCIES:
  - Flutter (from `Flutter`)
  - freerasp (from `.symlinks/plugins/freerasp/ios`)

EXTERNAL SOURCES:
  Flutter:
    :path: Flutter
  freerasp:
    :path: ".symlinks/plugins/freerasp/ios"

SPEC CHECKSUMS:
  Flutter: f04841e97a9d0b0a8025694d0796dd46242b2854
  freerasp: 3516f6bd34a4d386ab4a20aa7a5ca8310d5c3a09

PODFILE CHECKSUM: ef19549a9bc3046e7bb7d2fab4d021637c0c58a3

COCOAPODS: 1.11.3
